
Microsoft Visual Studio Solution File, Format Version 12.00
# Visual Studio Version 17
VisualStudioVersion = 17.10.35013.160
MinimumVisualStudioVersion = 10.0.40219.1
Project("{9A19103F-16F7-4668-BE54-9A1E7A4F7556}") = "CarRent", "CarRent.csproj", "{A975D2FA-2EEE-49C4-8BC9-8A688461726F}"
EndProject
Project("{9A19103F-16F7-4668-BE54-9A1E7A4F7556}") = "CarRent.Tests", "..\..\tests\CarRent.Tests\CarRent.Tests.csproj", "{340E5D35-F084-463E-B36E-D247A25CADB4}"
EndProject
Global
	GlobalSection(SolutionConfigurationPlatforms) = preSolution
		Debug|Any CPU = Debug|Any CPU
		Release|Any CPU = Release|Any CPU
	EndGlobalSection
	GlobalSection(ProjectConfigurationPlatforms) = postSolution
		{A975D2FA-2EEE-49C4-8BC9-8A688461726F}.Debug|Any CPU.ActiveCfg = Debug|Any CPU
		{A975D2FA-2EEE-49C4-8BC9-8A688461726F}.Debug|Any CPU.Build.0 = Debug|Any CPU
		{A975D2FA-2EEE-49C4-8BC9-8A688461726F}.Release|Any CPU.ActiveCfg = Release|Any CPU
		{A975D2FA-2EEE-49C4-8BC9-8A688461726F}.Release|Any CPU.Build.0 = Release|Any CPU
		{340E5D35-F084-463E-B36E-D247A25CADB4}.Debug|Any CPU.ActiveCfg = Debug|Any CPU
		{340E5D35-F084-463E-B36E-D247A25CADB4}.Debug|Any CPU.Build.0 = Debug|Any CPU
		{340E5D35-F084-463E-B36E-D247A25CADB4}.Release|Any CPU.ActiveCfg = Release|Any CPU
		{340E5D35-F084-463E-B36E-D247A25CADB4}.Release|Any CPU.Build.0 = Release|Any CPU
	EndGlobalSection
	GlobalSection(SolutionProperties) = preSolution
		HideSolutionNode = FALSE
	EndGlobalSection
	GlobalSection(ExtensibilityGlobals) = postSolution
		SolutionGuid = {29870CC2-7C01-49E4-BF97-F0EBD3CB69F2}
	EndGlobalSection
EndGlobal
