
Microsoft Visual Studio Solution File, Format Version 12.00
# Visual Studio Version 17
VisualStudioVersion = 17.10.35013.160
MinimumVisualStudioVersion = 10.0.40219.1
Project("{9A19103F-16F7-4668-BE54-9A1E7A4F7556}") = "CarRent", "src\CarRent\CarRent.csproj", "{3420738B-2884-4BB7-8E24-1709375E0245}"
EndProject
Project("{9A19103F-16F7-4668-BE54-9A1E7A4F7556}") = "CarRent.Tests", "tests\CarRent.Tests\CarRent.Tests.csproj", "{75D62BE1-9684-475A-9259-ABCAEEF44FAD}"
EndProject
Project("{2150E333-8FDC-42A3-9474-1A3956D46DE8}") = "Source", "Source", "{86BAA634-F449-4B6C-B029-313938D61AE4}"
EndProject
Project("{2150E333-8FDC-42A3-9474-1A3956D46DE8}") = "Tests", "Tests", "{C799B2F6-3236-40B8-B656-6EAD91188703}"
EndProject
Project("{2150E333-8FDC-42A3-9474-1A3956D46DE8}") = "Domain", "Domain", "{6EE1AC4F-37C0-4FAF-9319-10F21CD3E225}"
	ProjectSection(SolutionItems) = preProject
		Car.cs = Car.cs
	EndProjectSection
EndProject
Project("{2150E333-8FDC-42A3-9474-1A3956D46DE8}") = "Common", "Common", "{71EA5237-7B2D-46C0-AFB2-0A21A808A2CA}"
	ProjectSection(SolutionItems) = preProject
		Entity.cs = Entity.cs
		IAggregateRoot.cs = IAggregateRoot.cs
		IDomainEvent.cs = IDomainEvent.cs
		IRepository.cs = IRepository.cs
		ValueObject.cs = ValueObject.cs
	EndProjectSection
EndProject
Project("{2150E333-8FDC-42A3-9474-1A3956D46DE8}") = "Cars", "Cars", "{DA0F2BF1-70DC-4A92-9F8C-0090F088A512}"
	ProjectSection(SolutionItems) = preProject
		Car.cs = Car.cs
	EndProjectSection
EndProject
Project("{2150E333-8FDC-42A3-9474-1A3956D46DE8}") = "Application", "Application", "{ED6493D7-7F01-44E9-A860-3BBB9F4EA065}"
EndProject
Project("{2150E333-8FDC-42A3-9474-1A3956D46DE8}") = "Infrastructure", "Infrastructure", "{C25210AF-7963-4618-A08E-053B6645DC6F}"
EndProject
Global
	GlobalSection(SolutionConfigurationPlatforms) = preSolution
		Debug|Any CPU = Debug|Any CPU
		Release|Any CPU = Release|Any CPU
	EndGlobalSection
	GlobalSection(ProjectConfigurationPlatforms) = postSolution
		{3420738B-2884-4BB7-8E24-1709375E0245}.Debug|Any CPU.ActiveCfg = Debug|Any CPU
		{3420738B-2884-4BB7-8E24-1709375E0245}.Debug|Any CPU.Build.0 = Debug|Any CPU
		{3420738B-2884-4BB7-8E24-1709375E0245}.Release|Any CPU.ActiveCfg = Release|Any CPU
		{3420738B-2884-4BB7-8E24-1709375E0245}.Release|Any CPU.Build.0 = Release|Any CPU
		{75D62BE1-9684-475A-9259-ABCAEEF44FAD}.Debug|Any CPU.ActiveCfg = Debug|Any CPU
		{75D62BE1-9684-475A-9259-ABCAEEF44FAD}.Debug|Any CPU.Build.0 = Debug|Any CPU
		{75D62BE1-9684-475A-9259-ABCAEEF44FAD}.Release|Any CPU.ActiveCfg = Release|Any CPU
		{75D62BE1-9684-475A-9259-ABCAEEF44FAD}.Release|Any CPU.Build.0 = Release|Any CPU
	EndGlobalSection
	GlobalSection(SolutionProperties) = preSolution
		HideSolutionNode = FALSE
	EndGlobalSection
	GlobalSection(NestedProjects) = preSolution
		{3420738B-2884-4BB7-8E24-1709375E0245} = {86BAA634-F449-4B6C-B029-313938D61AE4}
		{75D62BE1-9684-475A-9259-ABCAEEF44FAD} = {C799B2F6-3236-40B8-B656-6EAD91188703}
		{6EE1AC4F-37C0-4FAF-9319-10F21CD3E225} = {86BAA634-F449-4B6C-B029-313938D61AE4}
		{71EA5237-7B2D-46C0-AFB2-0A21A808A2CA} = {6EE1AC4F-37C0-4FAF-9319-10F21CD3E225}
		{DA0F2BF1-70DC-4A92-9F8C-0090F088A512} = {6EE1AC4F-37C0-4FAF-9319-10F21CD3E225}
		{ED6493D7-7F01-44E9-A860-3BBB9F4EA065} = {6EE1AC4F-37C0-4FAF-9319-10F21CD3E225}
		{C25210AF-7963-4618-A08E-053B6645DC6F} = {6EE1AC4F-37C0-4FAF-9319-10F21CD3E225}
	EndGlobalSection
	GlobalSection(ExtensibilityGlobals) = postSolution
		SolutionGuid = {29870CC2-7C01-49E4-BF97-F0EBD3CB69F2}
	EndGlobalSection
EndGlobal
